
Microsoft Visual Studio Solution File, Format Version 12.00
# Visual Studio Version 17
VisualStudioVersion = 17.6.33801.468
MinimumVisualStudioVersion = 10.0.40219.1
Project("{FAE04EC0-301F-11D3-BF4B-00C04F79EFBC}") = "NetworkClient", "NetworkClient\NetworkClient.csproj", "{041AA1EE-1382-47A1-9D3A-3A2273AE72DE}"
EndProject
Global
	GlobalSection(SolutionConfigurationPlatforms) = preSolution
		Debug|Any CPU = Debug|Any CPU
		Release|Any CPU = Release|Any CPU
	EndGlobalSection
	GlobalSection(ProjectConfigurationPlatforms) = postSolution
		{041AA1EE-1382-47A1-9D3A-3A2273AE72DE}.Debug|Any CPU.ActiveCfg = Debug|Any CPU
		{041AA1EE-1382-47A1-9D3A-3A2273AE72DE}.Debug|Any CPU.Build.0 = Debug|Any CPU
		{041AA1EE-1382-47A1-9D3A-3A2273AE72DE}.Release|Any CPU.ActiveCfg = Release|Any CPU
		{041AA1EE-1382-47A1-9D3A-3A2273AE72DE}.Release|Any CPU.Build.0 = Release|Any CPU
	EndGlobalSection
	GlobalSection(SolutionProperties) = preSolution
		HideSolutionNode = FALSE
	EndGlobalSection
	GlobalSection(ExtensibilityGlobals) = postSolution
		SolutionGuid = {7B300CB8-BD4C-45DA-BFB6-BF451D26EF86}
	EndGlobalSection
EndGlobal
